
Microsoft Visual Studio Solution File, Format Version 12.00
# Visual Studio 15
VisualStudioVersion = 15.0.27004.2008
MinimumVisualStudioVersion = 10.0.40219.1
Project("{9A19103F-16F7-4668-BE54-9A1E7A4F7556}") = "Git-Clone-DotNet", "Git-Clone-DotNet\Git-Clone-DotNet.csproj", "{EB0854F6-0E68-4FE6-9826-1F4501CE0ABC}"
EndProject
Global
	GlobalSection(SolutionConfigurationPlatforms) = preSolution
		Debug|Any CPU = Debug|Any CPU
		Release|Any CPU = Release|Any CPU
	EndGlobalSection
	GlobalSection(ProjectConfigurationPlatforms) = postSolution
		{EB0854F6-0E68-4FE6-9826-1F4501CE0ABC}.Debug|Any CPU.ActiveCfg = Debug|Any CPU
		{EB0854F6-0E68-4FE6-9826-1F4501CE0ABC}.Debug|Any CPU.Build.0 = Debug|Any CPU
		{EB0854F6-0E68-4FE6-9826-1F4501CE0ABC}.Release|Any CPU.ActiveCfg = Release|Any CPU
		{EB0854F6-0E68-4FE6-9826-1F4501CE0ABC}.Release|Any CPU.Build.0 = Release|Any CPU
	EndGlobalSection
	GlobalSection(SolutionProperties) = preSolution
		HideSolutionNode = FALSE
	EndGlobalSection
	GlobalSection(ExtensibilityGlobals) = postSolution
		SolutionGuid = {44DBA83E-3C1B-4515-BE51-E76D5E0A8BDF}
	EndGlobalSection
EndGlobal
